
Microsoft Visual Studio Solution File, Format Version 12.00
# Visual Studio Version 17
VisualStudioVersion = 17.0.31612.314
MinimumVisualStudioVersion = 10.0.40219.1
Project("{9A19103F-16F7-4668-BE54-9A1E7A4F7556}") = "cube", "cube\cube.csproj", "{D3D1FD72-EBB1-4B41-B551-37F8FE1FAA92}"
EndProject
Project("{9A19103F-16F7-4668-BE54-9A1E7A4F7556}") = "pretrain_ep", "pretrain_ep\pretrain_ep.csproj", "{7282B4E5-F9C6-4AF7-AE15-BFA807969831}"
EndProject
Project("{9A19103F-16F7-4668-BE54-9A1E7A4F7556}") = "make_cp_move_table", "make_cp_move_table\make_cp_move_table.csproj", "{AA108794-A3CF-439C-8D45-401898EC0B4F}"
EndProject
Project("{FAE04EC0-301F-11D3-BF4B-00C04F79EFBC}") = "make_co_move_table", "make_co_move_table\make_co_move_table.csproj", "{4E71AF10-548C-4827-BD2E-538DD231C331}"
EndProject
Project("{FAE04EC0-301F-11D3-BF4B-00C04F79EFBC}") = "make_eo_move_table", "make_eo_move_table\make_eo_move_table.csproj", "{08FFF911-D266-4456-8FA0-160BA84CB6DB}"
EndProject
Project("{FAE04EC0-301F-11D3-BF4B-00C04F79EFBC}") = "make_cp_co_prune_table", "make_cp_co_prune_table\make_cp_co_prune_table.csproj", "{FE1A39D8-0380-4F9C-9462-3E3AC7FF8E4A}"
EndProject
Project("{FAE04EC0-301F-11D3-BF4B-00C04F79EFBC}") = "make_cp_eo_prune_table", "make_cp_eo_prune_table\make_cp_eo_prune_table.csproj", "{F986A056-BECA-4B40-901C-0D737AA21CD7}"
EndProject
Global
	GlobalSection(SolutionConfigurationPlatforms) = preSolution
		Debug|Any CPU = Debug|Any CPU
		Release|Any CPU = Release|Any CPU
	EndGlobalSection
	GlobalSection(ProjectConfigurationPlatforms) = postSolution
		{D3D1FD72-EBB1-4B41-B551-37F8FE1FAA92}.Debug|Any CPU.ActiveCfg = Debug|Any CPU
		{D3D1FD72-EBB1-4B41-B551-37F8FE1FAA92}.Debug|Any CPU.Build.0 = Debug|Any CPU
		{D3D1FD72-EBB1-4B41-B551-37F8FE1FAA92}.Release|Any CPU.ActiveCfg = Release|Any CPU
		{D3D1FD72-EBB1-4B41-B551-37F8FE1FAA92}.Release|Any CPU.Build.0 = Release|Any CPU
		{7282B4E5-F9C6-4AF7-AE15-BFA807969831}.Debug|Any CPU.ActiveCfg = Debug|Any CPU
		{7282B4E5-F9C6-4AF7-AE15-BFA807969831}.Debug|Any CPU.Build.0 = Debug|Any CPU
		{7282B4E5-F9C6-4AF7-AE15-BFA807969831}.Release|Any CPU.ActiveCfg = Release|Any CPU
		{7282B4E5-F9C6-4AF7-AE15-BFA807969831}.Release|Any CPU.Build.0 = Release|Any CPU
		{AA108794-A3CF-439C-8D45-401898EC0B4F}.Debug|Any CPU.ActiveCfg = Debug|Any CPU
		{AA108794-A3CF-439C-8D45-401898EC0B4F}.Debug|Any CPU.Build.0 = Debug|Any CPU
		{AA108794-A3CF-439C-8D45-401898EC0B4F}.Release|Any CPU.ActiveCfg = Release|Any CPU
		{AA108794-A3CF-439C-8D45-401898EC0B4F}.Release|Any CPU.Build.0 = Release|Any CPU
		{4E71AF10-548C-4827-BD2E-538DD231C331}.Debug|Any CPU.ActiveCfg = Debug|Any CPU
		{4E71AF10-548C-4827-BD2E-538DD231C331}.Debug|Any CPU.Build.0 = Debug|Any CPU
		{4E71AF10-548C-4827-BD2E-538DD231C331}.Release|Any CPU.ActiveCfg = Release|Any CPU
		{4E71AF10-548C-4827-BD2E-538DD231C331}.Release|Any CPU.Build.0 = Release|Any CPU
		{08FFF911-D266-4456-8FA0-160BA84CB6DB}.Debug|Any CPU.ActiveCfg = Debug|Any CPU
		{08FFF911-D266-4456-8FA0-160BA84CB6DB}.Debug|Any CPU.Build.0 = Debug|Any CPU
		{08FFF911-D266-4456-8FA0-160BA84CB6DB}.Release|Any CPU.ActiveCfg = Release|Any CPU
		{08FFF911-D266-4456-8FA0-160BA84CB6DB}.Release|Any CPU.Build.0 = Release|Any CPU
		{FE1A39D8-0380-4F9C-9462-3E3AC7FF8E4A}.Debug|Any CPU.ActiveCfg = Debug|Any CPU
		{FE1A39D8-0380-4F9C-9462-3E3AC7FF8E4A}.Debug|Any CPU.Build.0 = Debug|Any CPU
		{FE1A39D8-0380-4F9C-9462-3E3AC7FF8E4A}.Release|Any CPU.ActiveCfg = Release|Any CPU
		{FE1A39D8-0380-4F9C-9462-3E3AC7FF8E4A}.Release|Any CPU.Build.0 = Release|Any CPU
		{F986A056-BECA-4B40-901C-0D737AA21CD7}.Debug|Any CPU.ActiveCfg = Debug|Any CPU
		{F986A056-BECA-4B40-901C-0D737AA21CD7}.Debug|Any CPU.Build.0 = Debug|Any CPU
		{F986A056-BECA-4B40-901C-0D737AA21CD7}.Release|Any CPU.ActiveCfg = Release|Any CPU
		{F986A056-BECA-4B40-901C-0D737AA21CD7}.Release|Any CPU.Build.0 = Release|Any CPU
	EndGlobalSection
	GlobalSection(SolutionProperties) = preSolution
		HideSolutionNode = FALSE
	EndGlobalSection
	GlobalSection(ExtensibilityGlobals) = postSolution
		SolutionGuid = {3710B6EA-8144-4EB7-9A2C-9BD7D0CE33D0}
	EndGlobalSection
EndGlobal
