
Microsoft Visual Studio Solution File, Format Version 12.00
# Visual Studio Version 17
VisualStudioVersion = 17.0.31612.314
MinimumVisualStudioVersion = 10.0.40219.1
Project("{9A19103F-16F7-4668-BE54-9A1E7A4F7556}") = "cube", "cube\cube.csproj", "{D3D1FD72-EBB1-4B41-B551-37F8FE1FAA92}"
EndProject
Project("{FAE04EC0-301F-11D3-BF4B-00C04F79EFBC}") = "make_ep_dict", "make_ep_dict\make_ep_dict.csproj", "{0C661DC2-55DA-4EDC-9355-CD22127BC8E6}"
EndProject
Global
	GlobalSection(SolutionConfigurationPlatforms) = preSolution
		Debug|Any CPU = Debug|Any CPU
		Release|Any CPU = Release|Any CPU
	EndGlobalSection
	GlobalSection(ProjectConfigurationPlatforms) = postSolution
		{D3D1FD72-EBB1-4B41-B551-37F8FE1FAA92}.Debug|Any CPU.ActiveCfg = Debug|Any CPU
		{D3D1FD72-EBB1-4B41-B551-37F8FE1FAA92}.Debug|Any CPU.Build.0 = Debug|Any CPU
		{D3D1FD72-EBB1-4B41-B551-37F8FE1FAA92}.Release|Any CPU.ActiveCfg = Release|Any CPU
		{D3D1FD72-EBB1-4B41-B551-37F8FE1FAA92}.Release|Any CPU.Build.0 = Release|Any CPU
		{0C661DC2-55DA-4EDC-9355-CD22127BC8E6}.Debug|Any CPU.ActiveCfg = Debug|Any CPU
		{0C661DC2-55DA-4EDC-9355-CD22127BC8E6}.Debug|Any CPU.Build.0 = Debug|Any CPU
		{0C661DC2-55DA-4EDC-9355-CD22127BC8E6}.Release|Any CPU.ActiveCfg = Release|Any CPU
		{0C661DC2-55DA-4EDC-9355-CD22127BC8E6}.Release|Any CPU.Build.0 = Release|Any CPU
	EndGlobalSection
	GlobalSection(SolutionProperties) = preSolution
		HideSolutionNode = FALSE
	EndGlobalSection
	GlobalSection(ExtensibilityGlobals) = postSolution
		SolutionGuid = {3710B6EA-8144-4EB7-9A2C-9BD7D0CE33D0}
	EndGlobalSection
EndGlobal
